
Microsoft Visual Studio Solution File, Format Version 12.00
# Visual Studio 15
VisualStudioVersion = 15.0.26730.10
MinimumVisualStudioVersion = 10.0.40219.1
Project("{FAE04EC0-301F-11D3-BF4B-00C04F79EFBC}") = "hoger", "hoger\hoger.csproj", "{B8B0F397-3164-4BE9-871F-9B2210C8CD5F}"
EndProject
Project("{FAE04EC0-301F-11D3-BF4B-00C04F79EFBC}") = "Resources", "Resources\Resources.csproj", "{E7A9476E-4C56-4A96-9781-B53BA0E0D8D2}"
EndProject
Global
	GlobalSection(SolutionConfigurationPlatforms) = preSolution
		Debug|Any CPU = Debug|Any CPU
		Release|Any CPU = Release|Any CPU
	EndGlobalSection
	GlobalSection(ProjectConfigurationPlatforms) = postSolution
		{B8B0F397-3164-4BE9-871F-9B2210C8CD5F}.Debug|Any CPU.ActiveCfg = Debug|Any CPU
		{B8B0F397-3164-4BE9-871F-9B2210C8CD5F}.Debug|Any CPU.Build.0 = Debug|Any CPU
		{B8B0F397-3164-4BE9-871F-9B2210C8CD5F}.Release|Any CPU.ActiveCfg = Release|Any CPU
		{B8B0F397-3164-4BE9-871F-9B2210C8CD5F}.Release|Any CPU.Build.0 = Release|Any CPU
		{E7A9476E-4C56-4A96-9781-B53BA0E0D8D2}.Debug|Any CPU.ActiveCfg = Debug|Any CPU
		{E7A9476E-4C56-4A96-9781-B53BA0E0D8D2}.Debug|Any CPU.Build.0 = Debug|Any CPU
		{E7A9476E-4C56-4A96-9781-B53BA0E0D8D2}.Release|Any CPU.ActiveCfg = Release|Any CPU
		{E7A9476E-4C56-4A96-9781-B53BA0E0D8D2}.Release|Any CPU.Build.0 = Release|Any CPU
	EndGlobalSection
	GlobalSection(SolutionProperties) = preSolution
		HideSolutionNode = FALSE
	EndGlobalSection
	GlobalSection(ExtensibilityGlobals) = postSolution
		SolutionGuid = {F96855B7-8B06-4EEA-8212-5F2C30EB857E}
	EndGlobalSection
EndGlobal
